
Microsoft Visual Studio Solution File, Format Version 10.00
# Visual Studio 2008
Project("{FAE04EC0-301F-11D3-BF4B-00C04F79EFBC}") = "GifWriter", "GifWriter\GifWriter.csproj", "{B189A9C9-A81E-4063-A099-1C4BFE55A603}"
EndProject
Global
	GlobalSection(SolutionConfigurationPlatforms) = preSolution
		Debug|Any CPU = Debug|Any CPU
		Release|Any CPU = Release|Any CPU
	EndGlobalSection
	GlobalSection(ProjectConfigurationPlatforms) = postSolution
		{B189A9C9-A81E-4063-A099-1C4BFE55A603}.Debug|Any CPU.ActiveCfg = Debug|Any CPU
		{B189A9C9-A81E-4063-A099-1C4BFE55A603}.Debug|Any CPU.Build.0 = Debug|Any CPU
		{B189A9C9-A81E-4063-A099-1C4BFE55A603}.Release|Any CPU.ActiveCfg = Release|Any CPU
		{B189A9C9-A81E-4063-A099-1C4BFE55A603}.Release|Any CPU.Build.0 = Release|Any CPU
	EndGlobalSection
	GlobalSection(SolutionProperties) = preSolution
		HideSolutionNode = FALSE
	EndGlobalSection
EndGlobal
